// !$*UTF8*$!
{
	archiveVersion = 1;
	classes = {
	};
	objectVersion = 46;
	objects = {

/* Begin PBXBuildFile section */
		857FB97A1CF3052400EFABFF /* main.m in Sources */ = {isa = PBXBuildFile; fileRef = 857FB9791CF3052400EFABFF /* main.m */; };
		857FB97D1CF3052400EFABFF /* AppDelegate.m in Sources */ = {isa = PBXBuildFile; fileRef = 857FB97C1CF3052400EFABFF /* AppDelegate.m */; };
		857FB9801CF3052400EFABFF /* ViewController.m in Sources */ = {isa = PBXBuildFile; fileRef = 857FB97F1CF3052400EFABFF /* ViewController.m */; };
		857FB9831CF3052400EFABFF /* Main.storyboard in Resources */ = {isa = PBXBuildFile; fileRef = 857FB9811CF3052400EFABFF /* Main.storyboard */; };
		857FB9851CF3052400EFABFF /* Assets.xcassets in Resources */ = {isa = PBXBuildFile; fileRef = 857FB9841CF3052400EFABFF /* Assets.xcassets */; };
		857FB9881CF3052400EFABFF /* LaunchScreen.storyboard in Resources */ = {isa = PBXBuildFile; fileRef = 857FB9861CF3052400EFABFF /* LaunchScreen.storyboard */; };
		857FB9911CF3056C00EFABFF /* UIImage+ImageOperation.m in Sources */ = {isa = PBXBuildFile; fileRef = 857FB9901CF3056C00EFABFF /* UIImage+ImageOperation.m */; };
/* End PBXBuildFile section */

/* Begin PBXFileReference section */
		857FB9751CF3052400EFABFF /* ImageOperation.app */ = {isa = PBXFileReference; explicitFileType = wrapper.application; includeInIndex = 0; path = ImageOperation.app; sourceTree = BUILT_PRODUCTS_DIR; };
		857FB9791CF3052400EFABFF /* main.m */ = {isa = PBXFileReference; lastKnownFileType = sourcecode.c.objc; path = main.m; sourceTree = "<group>"; };
		857FB97B1CF3052400EFABFF /* AppDelegate.h */ = {isa = PBXFileReference; lastKnownFileType = sourcecode.c.h; path = AppDelegate.h; sourceTree = "<group>"; };
		857FB97C1CF3052400EFABFF /* AppDelegate.m */ = {isa = PBXFileReference; lastKnownFileType = sourcecode.c.objc; path = AppDelegate.m; sourceTree = "<group>"; };
		857FB97E1CF3052400EFABFF /* ViewController.h */ = {isa = PBXFileReference; lastKnownFileType = sourcecode.c.h; path = ViewController.h; sourceTree = "<group>"; };
		857FB97F1CF3052400EFABFF /* ViewController.m */ = {isa = PBXFileReference; lastKnownFileType = sourcecode.c.objc; path = ViewController.m; sourceTree = "<group>"; };
		857FB9821CF3052400EFABFF /* Base */ = {isa = PBXFileReference; lastKnownFileType = file.storyboard; name = Base; path = Base.lproj/Main.storyboard; sourceTree = "<group>"; };
		857FB9841CF3052400EFABFF /* Assets.xcassets */ = {isa = PBXFileReference; lastKnownFileType = folder.assetcatalog; path = Assets.xcassets; sourceTree = "<group>"; };
		857FB9871CF3052400EFABFF /* Base */ = {isa = PBXFileReference; lastKnownFileType = file.storyboard; name = Base; path = Base.lproj/LaunchScreen.storyboard; sourceTree = "<group>"; };
		857FB9891CF3052400EFABFF /* Info.plist */ = {isa = PBXFileReference; lastKnownFileType = text.plist.xml; path = Info.plist; sourceTree = "<group>"; };
		857FB98F1CF3056C00EFABFF /* UIImage+ImageOperation.h */ = {isa = PBXFileReference; fileEncoding = 4; lastKnownFileType = sourcecode.c.h; path = "UIImage+ImageOperation.h"; sourceTree = "<group>"; };
		857FB9901CF3056C00EFABFF /* UIImage+ImageOperation.m */ = {isa = PBXFileReference; fileEncoding = 4; lastKnownFileType = sourcecode.c.objc; path = "UIImage+ImageOperation.m"; sourceTree = "<group>"; };
/* End PBXFileReference section */

/* Begin PBXFrameworksBuildPhase section */
		857FB9721CF3052400EFABFF /* Frameworks */ = {
			isa = PBXFrameworksBuildPhase;
			buildActionMask = 2147483647;
			files = (
			);
			runOnlyForDeploymentPostprocessing = 0;
		};
/* End PBXFrameworksBuildPhase section */

/* Begin PBXGroup section */
		857FB96C1CF3052400EFABFF = {
			isa = PBXGroup;
			children = (
				857FB9771CF3052400EFABFF /* ImageOperation */,
				857FB9761CF3052400EFABFF /* Products */,
			);
			sourceTree = "<group>";
		};
		857FB9761CF3052400EFABFF /* Products */ = {
			isa = PBXGroup;
			children = (
				857FB9751CF3052400EFABFF /* ImageOperation.app */,
			);
			name = Products;
			sourceTree = "<group>";
		};
		857FB9771CF3052400EFABFF /* ImageOperation */ = {
			isa = PBXGroup;
			children = (
				857FB97B1CF3052400EFABFF /* AppDelegate.h */,
				857FB97C1CF3052400EFABFF /* AppDelegate.m */,
				857FB97E1CF3052400EFABFF /* ViewController.h */,
				857FB97F1CF3052400EFABFF /* ViewController.m */,
				857FB98F1CF3056C00EFABFF /* UIImage+ImageOperation.h */,
				857FB9901CF3056C00EFABFF /* UIImage+ImageOperation.m */,
				857FB9811CF3052400EFABFF /* Main.storyboard */,
				857FB9841CF3052400EFABFF /* Assets.xcassets */,
				857FB9861CF3052400EFABFF /* LaunchScreen.storyboard */,
				857FB9891CF3052400EFABFF /* Info.plist */,
				857FB9781CF3052400EFABFF /* Supporting Files */,
			);
			path = ImageOperation;
			sourceTree = "<group>";
		};
		857FB9781CF3052400EFABFF /* Supporting Files */ = {
			isa = PBXGroup;
			children = (
				857FB9791CF3052400EFABFF /* main.m */,
			);
			name = "Supporting Files";
			sourceTree = "<group>";
		};
/* End PBXGroup section */

/* Begin PBXNativeTarget section */
		857FB9741CF3052400EFABFF /* ImageOperation */ = {
			isa = PBXNativeTarget;
			buildConfigurationList = 857FB98C1CF3052400EFABFF /* Build configuration list for PBXNativeTarget "ImageOperation" */;
			buildPhases = (
				857FB9711CF3052400EFABFF /* Sources */,
				857FB9721CF3052400EFABFF /* Frameworks */,
				857FB9731CF3052400EFABFF /* Resources */,
			);
			buildRules = (
			);
			dependencies = (
			);
			name = ImageOperation;
			productName = ImageOperation;
			productReference = 857FB9751CF3052400EFABFF /* ImageOperation.app */;
			productType = "com.apple.product-type.application";
		};
/* End PBXNativeTarget section */

/* Begin PBXProject section */
		857FB96D1CF3052400EFABFF /* Project object */ = {
			isa = PBXProject;
			attributes = {
				LastUpgradeCheck = 0730;
				ORGANIZATIONNAME = QingHong;
				TargetAttributes = {
					857FB9741CF3052400EFABFF = {
						CreatedOnToolsVersion = 7.3.1;
					};
				};
			};
			buildConfigurationList = 857FB9701CF3052400EFABFF /* Build configuration list for PBXProject "ImageOperation" */;
			compatibilityVersion = "Xcode 3.2";
			developmentRegion = English;
			hasScannedForEncodings = 0;
			knownRegions = (
				en,
				Base,
			);
			mainGroup = 857FB96C1CF3052400EFABFF;
			productRefGroup = 857FB9761CF3052400EFABFF /* Products */;
			projectDirPath = "";
			projectRoot = "";
			targets = (
				857FB9741CF3052400EFABFF /* ImageOperation */,
			);
		};
/* End PBXProject section */

/* Begin PBXResourcesBuildPhase section */
		857FB9731CF3052400EFABFF /* Resources */ = {
			isa = PBXResourcesBuildPhase;
			buildActionMask = 2147483647;
			files = (
				857FB9881CF3052400EFABFF /* LaunchScreen.storyboard in Resources */,
				857FB9851CF3052400EFABFF /* Assets.xcassets in Resources */,
				857FB9831CF3052400EFABFF /* Main.storyboard in Resources */,
			);
			runOnlyForDeploymentPostprocessing = 0;
		};
/* End PBXResourcesBuildPhase section */

/* Begin PBXSourcesBuildPhase section */
		857FB9711CF3052400EFABFF /* Sources */ = {
			isa = PBXSourcesBuildPhase;
			buildActionMask = 2147483647;
			files = (
				857FB9801CF3052400EFABFF /* ViewController.m in Sources */,
				857FB97D1CF3052400EFABFF /* AppDelegate.m in Sources */,
				857FB97A1CF3052400EFABFF /* main.m in Sources */,
				857FB9911CF3056C00EFABFF /* UIImage+ImageOperation.m in Sources */,
			);
			runOnlyForDeploymentPostprocessing = 0;
		};
/* End PBXSourcesBuildPhase section */

/* Begin PBXVariantGroup section */
		857FB9811CF3052400EFABFF /* Main.storyboard */ = {
			isa = PBXVariantGroup;
			children = (
				857FB9821CF3052400EFABFF /* Base */,
			);
			name = Main.storyboard;
			sourceTree = "<group>";
		};
		857FB9861CF3052400EFABFF /* LaunchScreen.storyboard */ = {
			isa = PBXVariantGroup;
			children = (
				857FB9871CF3052400EFABFF /* Base */,
			);
			name = LaunchScreen.storyboard;
			sourceTree = "<group>";
		};
/* End PBXVariantGroup section */

/* Begin XCBuildConfiguration section */
		857FB98A1CF3052400EFABFF /* Debug */ = {
			isa = XCBuildConfiguration;
			buildSettings = {
				ALWAYS_SEARCH_USER_PATHS = NO;
				CLANG_ANALYZER_NONNULL = YES;
				CLANG_CXX_LANGUAGE_STANDARD = "gnu++0x";
				CLANG_CXX_LIBRARY = "libc++";
				CLANG_ENABLE_MODULES = YES;
				CLANG_ENABLE_OBJC_ARC = YES;
				CLANG_WARN_BOOL_CONVERSION = YES;
				CLANG_WARN_CONSTANT_CONVERSION = YES;
				CLANG_WARN_DIRECT_OBJC_ISA_USAGE = YES_ERROR;
				CLANG_WARN_EMPTY_BODY = YES;
				CLANG_WARN_ENUM_CONVERSION = YES;
				CLANG_WARN_INT_CONVERSION = YES;
				CLANG_WARN_OBJC_ROOT_CLASS = YES_ERROR;
				CLANG_WARN_UNREACHABLE_CODE = YES;
				CLANG_WARN__DUPLICATE_METHOD_MATCH = YES;
				"CODE_SIGN_IDENTITY[sdk=iphoneos*]" = "iPhone Developer";
				COPY_PHASE_STRIP = NO;
				DEBUG_INFORMATION_FORMAT = dwarf;
				ENABLE_STRICT_OBJC_MSGSEND = YES;
				ENABLE_TESTABILITY = YES;
				GCC_C_LANGUAGE_STANDARD = gnu99;
				GCC_DYNAMIC_NO_PIC = NO;
				GCC_NO_COMMON_BLOCKS = YES;
				GCC_OPTIMIZATION_LEVEL = 0;
				GCC_PREPROCESSOR_DEFINITIONS = (
					"DEBUG=1",
					"$(inherited)",
				);
				GCC_WARN_64_TO_32_BIT_CONVERSION = YES;
				GCC_WARN_ABOUT_RETURN_TYPE = YES_ERROR;
				GCC_WARN_UNDECLARED_SELECTOR = YES;
				GCC_WARN_UNINITIALIZED_AUTOS = YES_AGGRESSIVE;
				GCC_WARN_UNUSED_FUNCTION = YES;
				GCC_WARN_UNUSED_VARIABLE = YES;
				IPHONEOS_DEPLOYMENT_TARGET = 9.3;
				MTL_ENABLE_DEBUG_INFO = YES;
				ONLY_ACTIVE_ARCH = YES;
				SDKROOT = iphoneos;
			};
			name = Debug;
		};
		857FB98B1CF3052400EFABFF /* Release */ = {
			isa = XCBuildConfiguration;
			buildSettings = {
				ALWAYS_SEARCH_USER_PATHS = NO;
				CLANG_ANALYZER_NONNULL = YES;
				CLANG_CXX_LANGUAGE_STANDARD = "gnu++0x";
				CLANG_CXX_LIBRARY = "libc++";
				CLANG_ENABLE_MODULES = YES;
				CLANG_ENABLE_OBJC_ARC = YES;
				CLANG_WARN_BOOL_CONVERSION = YES;
				CLANG_WARN_CONSTANT_CONVERSION = YES;
				CLANG_WARN_DIRECT_OBJC_ISA_USAGE = YES_ERROR;
				CLANG_WARN_EMPTY_BODY = YES;
				CLANG_WARN_ENUM_CONVERSION = YES;
				CLANG_WARN_INT_CONVERSION = YES;
				CLANG_WARN_OBJC_ROOT_CLASS = YES_ERROR;
				CLANG_WARN_UNREACHABLE_CODE = YES;
				CLANG_WARN__DUPLICATE_METHOD_MATCH = YES;
				"CODE_SIGN_IDENTITY[sdk=iphoneos*]" = "iPhone Developer";
				COPY_PHASE_STRIP = NO;
				DEBUG_INFORMATION_FORMAT = "dwarf-with-dsym";
				ENABLE_NS_ASSERTIONS = NO;
				ENABLE_STRICT_OBJC_MSGSEND = YES;
				GCC_C_LANGUAGE_STANDARD = gnu99;
				GCC_NO_COMMON_BLOCKS = YES;
				GCC_WARN_64_TO_32_BIT_CONVERSION = YES;
				GCC_WARN_ABOUT_RETURN_TYPE = YES_ERROR;
				GCC_WARN_UNDECLARED_SELECTOR = YES;
				GCC_WARN_UNINITIALIZED_AUTOS = YES_AGGRESSIVE;
				GCC_WARN_UNUSED_FUNCTION = YES;
				GCC_WARN_UNUSED_VARIABLE = YES;
				IPHONEOS_DEPLOYMENT_TARGET = 9.3;
				MTL_ENABLE_DEBUG_INFO = NO;
				SDKROOT = iphoneos;
				VALIDATE_PRODUCT = YES;
			};
			name = Release;
		};
		857FB98D1CF3052400EFABFF /* Debug */ = {
			isa = XCBuildConfiguration;
			buildSettings = {
				ASSETCATALOG_COMPILER_APPICON_NAME = AppIcon;
				INFOPLIST_FILE = ImageOperation/Info.plist;
				LD_RUNPATH_SEARCH_PATHS = "$(inherited) @executable_path/Frameworks";
				PRODUCT_BUNDLE_IDENTIFIER = qinghongdev.ImageOperation;
				PRODUCT_NAME = "$(TARGET_NAME)";
			};
			name = Debug;
		};
		857FB98E1CF3052400EFABFF /* Release */ = {
			isa = XCBuildConfiguration;
			buildSettings = {
				ASSETCATALOG_COMPILER_APPICON_NAME = AppIcon;
				INFOPLIST_FILE = ImageOperation/Info.plist;
				LD_RUNPATH_SEARCH_PATHS = "$(inherited) @executable_path/Frameworks";
				PRODUCT_BUNDLE_IDENTIFIER = qinghongdev.ImageOperation;
				PRODUCT_NAME = "$(TARGET_NAME)";
			};
			name = Release;
		};
/* End XCBuildConfiguration section */

/* Begin XCConfigurationList section */
		857FB9701CF3052400EFABFF /* Build configuration list for PBXProject "ImageOperation" */ = {
			isa = XCConfigurationList;
			buildConfigurations = (
				857FB98A1CF3052400EFABFF /* Debug */,
				857FB98B1CF3052400EFABFF /* Release */,
			);
			defaultConfigurationIsVisible = 0;
			defaultConfigurationName = Release;
		};
		857FB98C1CF3052400EFABFF /* Build configuration list for PBXNativeTarget "ImageOperation" */ = {
			isa = XCConfigurationList;
			buildConfigurations = (
				857FB98D1CF3052400EFABFF /* Debug */,
				857FB98E1CF3052400EFABFF /* Release */,
			);
			defaultConfigurationIsVisible = 0;
			defaultConfigurationName = Release;
		};
/* End XCConfigurationList section */
	};
	rootObject = 857FB96D1CF3052400EFABFF /* Project object */;
}
